// !$*UTF8*$!
{
	archiveVersion = 1;
	classes = {
	};
	objectVersion = 77;
	objects = {

/* Begin PBXContainerItemProxy section */
		5B1F00000000000000000090 /* PBXContainerItemProxy */ = {
			isa = PBXContainerItemProxy;
			containerPortal = 5B1F00000000000000000050 /* Project object */;
			proxyType = 1;
			remoteGlobalIDString = 5B1F00000000000000000030;
			remoteInfo = swiftbiff;
		};
/* End PBXContainerItemProxy section */

/* Begin PBXFileReference section */
		5B1F00000000000000000001 /* SwiftBiff.app */ = {isa = PBXFileReference; explicitFileType = wrapper.application; includeInIndex = 0; path = SwiftBiff.app; sourceTree = BUILT_PRODUCTS_DIR; };
		5B1F00000000000000000002 /* swiftbiffTests.xctest */ = {isa = PBXFileReference; explicitFileType = wrapper.cfbundle; includeInIndex = 0; path = swiftbiffTests.xctest; sourceTree = BUILT_PRODUCTS_DIR; };
		5B1F00000000000000000003 /* Base.xcconfig */ = {isa = PBXFileReference; lastKnownFileType = text.xcconfig; path = Base.xcconfig; sourceTree = "<group>"; };
/* End PBXFileReference section */

/* Begin PBXFileSystemSynchronizedBuildFileExceptionSet section */
		5B1F00000000000000000012 /* Exceptions for "swiftbiff" folder in "swiftbiff" target */ = {
			isa = PBXFileSystemSynchronizedBuildFileExceptionSet;
			membershipExceptions = (
				Info.plist,
			);
			target = 5B1F00000000000000000030 /* swiftbiff */;
		};
/* End PBXFileSystemSynchronizedBuildFileExceptionSet section */

/* Begin PBXFileSystemSynchronizedRootGroup section */
		5B1F00000000000000000010 /* swiftbiff */ = {
			isa = PBXFileSystemSynchronizedRootGroup;
			exceptions = (
				5B1F00000000000000000012 /* Exceptions for "swiftbiff" folder in "swiftbiff" target */,
			);
			path = swiftbiff;
			sourceTree = "<group>";
		};
		5B1F00000000000000000011 /* swiftbiffTests */ = {
			isa = PBXFileSystemSynchronizedRootGroup;
			path = swiftbiffTests;
			sourceTree = "<group>";
		};
/* End PBXFileSystemSynchronizedRootGroup section */

/* Begin PBXFrameworksBuildPhase section */
		5B1F00000000000000000041 /* Frameworks */ = {
			isa = PBXFrameworksBuildPhase;
			buildActionMask = 2147483647;
			files = (
			);
			runOnlyForDeploymentPostprocessing = 0;
		};
		5B1F00000000000000000044 /* Frameworks */ = {
			isa = PBXFrameworksBuildPhase;
			buildActionMask = 2147483647;
			files = (
			);
			runOnlyForDeploymentPostprocessing = 0;
		};
/* End PBXFrameworksBuildPhase section */

/* Begin PBXGroup section */
		5B1F00000000000000000020 = {
			isa = PBXGroup;
			children = (
				5B1F00000000000000000022 /* Config */,
				5B1F00000000000000000010 /* swiftbiff */,
				5B1F00000000000000000011 /* swiftbiffTests */,
				5B1F00000000000000000021 /* Products */,
			);
			sourceTree = "<group>";
		};
		5B1F00000000000000000021 /* Products */ = {
			isa = PBXGroup;
			children = (
				5B1F00000000000000000001 /* SwiftBiff.app */,
				5B1F00000000000000000002 /* swiftbiffTests.xctest */,
			);
			name = Products;
			sourceTree = "<group>";
		};
		5B1F00000000000000000022 /* Config */ = {
			isa = PBXGroup;
			children = (
				5B1F00000000000000000003 /* Base.xcconfig */,
			);
			path = Config;
			sourceTree = "<group>";
		};
/* End PBXGroup section */

/* Begin PBXNativeTarget section */
		5B1F00000000000000000030 /* swiftbiff */ = {
			isa = PBXNativeTarget;
			buildConfigurationList = 5B1F00000000000000000061 /* Build configuration list for PBXNativeTarget "swiftbiff" */;
			buildPhases = (
				5B1F00000000000000000040 /* Sources */,
				5B1F00000000000000000041 /* Frameworks */,
				5B1F00000000000000000042 /* Resources */,
			);
			buildRules = (
			);
			dependencies = (
			);
			fileSystemSynchronizedGroups = (
				5B1F00000000000000000010 /* swiftbiff */,
			);
			name = swiftbiff;
			productName = swiftbiff;
			productReference = 5B1F00000000000000000001 /* SwiftBiff.app */;
			productType = "com.apple.product-type.application";
		};
		5B1F00000000000000000031 /* swiftbiffTests */ = {
			isa = PBXNativeTarget;
			buildConfigurationList = 5B1F00000000000000000062 /* Build configuration list for PBXNativeTarget "swiftbiffTests" */;
			buildPhases = (
				5B1F00000000000000000043 /* Sources */,
				5B1F00000000000000000044 /* Frameworks */,
				5B1F00000000000000000045 /* Resources */,
			);
			buildRules = (
			);
			dependencies = (
				5B1F00000000000000000091 /* PBXTargetDependency */,
			);
			fileSystemSynchronizedGroups = (
				5B1F00000000000000000011 /* swiftbiffTests */,
			);
			name = swiftbiffTests;
			productName = swiftbiffTests;
			productReference = 5B1F00000000000000000002 /* swiftbiffTests.xctest */;
			productType = "com.apple.product-type.bundle.unit-test";
		};
/* End PBXNativeTarget section */

/* Begin PBXProject section */
		5B1F00000000000000000050 /* Project object */ = {
			isa = PBXProject;
			attributes = {
				BuildIndependentTargetsInParallel = 1;
				LastSwiftUpdateCheck = 2700;
				LastUpgradeCheck = 2700;
				TargetAttributes = {
					5B1F00000000000000000030 = {
						CreatedOnToolsVersion = 27.0;
					};
					5B1F00000000000000000031 = {
						CreatedOnToolsVersion = 27.0;
						TestTargetID = 5B1F00000000000000000030;
					};
				};
			};
			buildConfigurationList = 5B1F00000000000000000060 /* Build configuration list for PBXProject "swiftbiff" */;
			developmentRegion = en;
			hasScannedForEncodings = 0;
			knownRegions = (
				en,
				Base,
			);
			mainGroup = 5B1F00000000000000000020;
			minimizedProjectReferenceProxies = 1;
			preferredProjectObjectVersion = 77;
			productRefGroup = 5B1F00000000000000000021 /* Products */;
			projectDirPath = "";
			projectRoot = "";
			targets = (
				5B1F00000000000000000030 /* swiftbiff */,
				5B1F00000000000000000031 /* swiftbiffTests */,
			);
		};
/* End PBXProject section */

/* Begin PBXResourcesBuildPhase section */
		5B1F00000000000000000042 /* Resources */ = {
			isa = PBXResourcesBuildPhase;
			buildActionMask = 2147483647;
			files = (
			);
			runOnlyForDeploymentPostprocessing = 0;
		};
		5B1F00000000000000000045 /* Resources */ = {
			isa = PBXResourcesBuildPhase;
			buildActionMask = 2147483647;
			files = (
			);
			runOnlyForDeploymentPostprocessing = 0;
		};
/* End PBXResourcesBuildPhase section */

/* Begin PBXSourcesBuildPhase section */
		5B1F00000000000000000040 /* Sources */ = {
			isa = PBXSourcesBuildPhase;
			buildActionMask = 2147483647;
			files = (
			);
			runOnlyForDeploymentPostprocessing = 0;
		};
		5B1F00000000000000000043 /* Sources */ = {
			isa = PBXSourcesBuildPhase;
			buildActionMask = 2147483647;
			files = (
			);
			runOnlyForDeploymentPostprocessing = 0;
		};
/* End PBXSourcesBuildPhase section */

/* Begin PBXTargetDependency section */
		5B1F00000000000000000091 /* PBXTargetDependency */ = {
			isa = PBXTargetDependency;
			target = 5B1F00000000000000000030 /* swiftbiff */;
			targetProxy = 5B1F00000000000000000090 /* PBXContainerItemProxy */;
		};
/* End PBXTargetDependency section */

/* Begin XCBuildConfiguration section */
		5B1F00000000000000000070 /* Debug */ = {
			isa = XCBuildConfiguration;
			baseConfigurationReference = 5B1F00000000000000000003 /* Base.xcconfig */;
			buildSettings = {
			};
			name = Debug;
		};
		5B1F00000000000000000071 /* Release */ = {
			isa = XCBuildConfiguration;
			baseConfigurationReference = 5B1F00000000000000000003 /* Base.xcconfig */;
			buildSettings = {
			};
			name = Release;
		};
		5B1F00000000000000000072 /* Debug */ = {
			isa = XCBuildConfiguration;
			buildSettings = {
				CODE_SIGN_ENTITLEMENTS = swiftbiff/swiftbiff.entitlements;
				INFOPLIST_FILE = swiftbiff/Info.plist;
				INFOPLIST_KEY_NSHumanReadableCopyright = "Copyright © 2026 Jess Thrysoee";
				LD_RUNPATH_SEARCH_PATHS = "@executable_path/../Frameworks";
				PRODUCT_BUNDLE_IDENTIFIER = dk.thrysoee.swiftbiff;
				PRODUCT_NAME = SwiftBiff;
			};
			name = Debug;
		};
		5B1F00000000000000000073 /* Release */ = {
			isa = XCBuildConfiguration;
			buildSettings = {
				CODE_SIGN_ENTITLEMENTS = swiftbiff/swiftbiff.entitlements;
				INFOPLIST_FILE = swiftbiff/Info.plist;
				INFOPLIST_KEY_NSHumanReadableCopyright = "Copyright © 2026 Jess Thrysoee";
				LD_RUNPATH_SEARCH_PATHS = "@executable_path/../Frameworks";
				PRODUCT_BUNDLE_IDENTIFIER = dk.thrysoee.swiftbiff;
				PRODUCT_NAME = SwiftBiff;
			};
			name = Release;
		};
		5B1F00000000000000000074 /* Debug */ = {
			isa = XCBuildConfiguration;
			buildSettings = {
				BUNDLE_LOADER = "$(TEST_HOST)";
				GENERATE_INFOPLIST_FILE = YES;
				PRODUCT_BUNDLE_IDENTIFIER = dk.thrysoee.swiftbiffTests;
				PRODUCT_NAME = "$(TARGET_NAME)";
				TEST_HOST = "$(BUILT_PRODUCTS_DIR)/SwiftBiff.app/Contents/MacOS/SwiftBiff";
			};
			name = Debug;
		};
		5B1F00000000000000000075 /* Release */ = {
			isa = XCBuildConfiguration;
			buildSettings = {
				BUNDLE_LOADER = "$(TEST_HOST)";
				GENERATE_INFOPLIST_FILE = YES;
				PRODUCT_BUNDLE_IDENTIFIER = dk.thrysoee.swiftbiffTests;
				PRODUCT_NAME = "$(TARGET_NAME)";
				TEST_HOST = "$(BUILT_PRODUCTS_DIR)/SwiftBiff.app/Contents/MacOS/SwiftBiff";
			};
			name = Release;
		};
/* End XCBuildConfiguration section */

/* Begin XCConfigurationList section */
		5B1F00000000000000000060 /* Build configuration list for PBXProject "swiftbiff" */ = {
			isa = XCConfigurationList;
			buildConfigurations = (
				5B1F00000000000000000070 /* Debug */,
				5B1F00000000000000000071 /* Release */,
			);
			defaultConfigurationIsVisible = 0;
			defaultConfigurationName = Release;
		};
		5B1F00000000000000000061 /* Build configuration list for PBXNativeTarget "swiftbiff" */ = {
			isa = XCConfigurationList;
			buildConfigurations = (
				5B1F00000000000000000072 /* Debug */,
				5B1F00000000000000000073 /* Release */,
			);
			defaultConfigurationIsVisible = 0;
			defaultConfigurationName = Release;
		};
		5B1F00000000000000000062 /* Build configuration list for PBXNativeTarget "swiftbiffTests" */ = {
			isa = XCConfigurationList;
			buildConfigurations = (
				5B1F00000000000000000074 /* Debug */,
				5B1F00000000000000000075 /* Release */,
			);
			defaultConfigurationIsVisible = 0;
			defaultConfigurationName = Release;
		};
/* End XCConfigurationList section */
	};
	rootObject = 5B1F00000000000000000050 /* Project object */;
}
